
Microsoft Visual Studio Solution File, Format Version 12.00
# Visual Studio Version 17
VisualStudioVersion = 17.1.32421.90
MinimumVisualStudioVersion = 10.0.40219.1
Project("{2150E333-8FDC-42A3-9474-1A3956D46DE8}") = "Presentation", "Presentation", "{3EC7ED06-3F77-44BF-A4FC-D11760B0D950}"
EndProject
Project("{2150E333-8FDC-42A3-9474-1A3956D46DE8}") = "Application", "Application", "{7F2D8975-C5A5-47DE-84C8-DB3A7F634764}"
EndProject
Project("{9A19103F-16F7-4668-BE54-9A1E7A4F7556}") = "Core.Business", "Source\Blazor.Business\Core.Business.csproj", "{6BC07B7D-3138-4A1A-ACD4-63CC3C79589F}"
EndProject
Project("{9A19103F-16F7-4668-BE54-9A1E7A4F7556}") = "Core.Business.Contracts", "Source\Blazor.Business.Contracts\Core.Business.Contracts.csproj", "{E51F3E9A-ED37-4E51-93BA-24EC097F8B37}"
EndProject
Project("{9A19103F-16F7-4668-BE54-9A1E7A4F7556}") = "Data.EntityFramework", "Source\Data.EntityFramework\Data.EntityFramework.csproj", "{FDE35ACD-FBBF-490D-B54E-1DDC0667967C}"
EndProject
Project("{2150E333-8FDC-42A3-9474-1A3956D46DE8}") = "Persistence", "Persistence", "{7E178BB9-3D2D-4DC0-907D-EBD87C20E963}"
EndProject
Project("{9A19103F-16F7-4668-BE54-9A1E7A4F7556}") = "SmiteProvider.HiRez", "Source\SmiteProvider.HiRez\SmiteProvider.HiRez.csproj", "{80BFDE17-2778-45D3-8F7F-ADC0031B52F2}"
EndProject
Project("{9A19103F-16F7-4668-BE54-9A1E7A4F7556}") = "Cache.Redis", "Source\Cache.Redis\Cache.Redis.csproj", "{3969E378-5B32-4507-B683-A44501E0F6D3}"
EndProject
Project("{9A19103F-16F7-4668-BE54-9A1E7A4F7556}") = "Cache.Contracts", "Source\Cache.Contracts\Cache.Contracts.csproj", "{6DEA5705-825F-4174-AD64-1D95B7B19CE0}"
EndProject
Project("{9A19103F-16F7-4668-BE54-9A1E7A4F7556}") = "SmiteProvider.Contracts", "Source\SmiteProvider.Contracts\SmiteProvider.Contracts.csproj", "{AA1213D8-160F-4FB9-BE8F-F9057F6ECBF2}"
EndProject
Project("{2150E333-8FDC-42A3-9474-1A3956D46DE8}") = "Providers", "Providers", "{41619DAB-AD7B-4010-A09E-E26C7DC19279}"
EndProject
Project("{2150E333-8FDC-42A3-9474-1A3956D46DE8}") = "Utilities", "Utilities", "{4AC7E5ED-DD29-4C29-9493-95CD20CCC4C1}"
EndProject
Project("{9A19103F-16F7-4668-BE54-9A1E7A4F7556}") = "Data.Contracts", "Source\Data.Contracts\Data.Contracts.csproj", "{D626B55B-9C46-4661-AA19-25BEE383E586}"
EndProject
Project("{9A19103F-16F7-4668-BE54-9A1E7A4F7556}") = "Mapper", "Source\Mapper\Mapper.csproj", "{2F88E0AB-0EB3-4475-A5A4-82D1E5C46A42}"
EndProject
Project("{9A19103F-16F7-4668-BE54-9A1E7A4F7556}") = "Test.Maintenance", "Source\Test.Maintenance\Test.Maintenance.csproj", "{04BCB5D5-525D-4495-BBB7-53E0CBE1F982}"
EndProject
Project("{FAE04EC0-301F-11D3-BF4B-00C04F79EFBC}") = "Mapper.Contracts", "Source\Mapper.Contracts\Mapper.Contracts.csproj", "{34934C40-BB79-4FE7-A43D-B171C78D149B}"
EndProject
Project("{FAE04EC0-301F-11D3-BF4B-00C04F79EFBC}") = "Time.Common", "Source\Time.Common\Time.Common.csproj", "{C5991813-2A9F-470B-B550-F15140355952}"
EndProject
Project("{FAE04EC0-301F-11D3-BF4B-00C04F79EFBC}") = "Configuration.Common", "Source\Configuration.Common\Configuration.Common.csproj", "{A02F0DB1-9A4E-4F78-A32D-70508D28CD9E}"
EndProject
Project("{FAE04EC0-301F-11D3-BF4B-00C04F79EFBC}") = "Web.Api", "Source\Web.Api\Web.Api.csproj", "{30742F7F-2205-4D16-B79B-43D48493A4DA}"
EndProject
Global
	GlobalSection(SolutionConfigurationPlatforms) = preSolution
		Debug|Any CPU = Debug|Any CPU
		Maintenance|Any CPU = Maintenance|Any CPU
		Release|Any CPU = Release|Any CPU
	EndGlobalSection
	GlobalSection(ProjectConfigurationPlatforms) = postSolution
		{6BC07B7D-3138-4A1A-ACD4-63CC3C79589F}.Debug|Any CPU.ActiveCfg = Debug|Any CPU
		{6BC07B7D-3138-4A1A-ACD4-63CC3C79589F}.Debug|Any CPU.Build.0 = Debug|Any CPU
		{6BC07B7D-3138-4A1A-ACD4-63CC3C79589F}.Maintenance|Any CPU.ActiveCfg = Debug|Any CPU
		{6BC07B7D-3138-4A1A-ACD4-63CC3C79589F}.Maintenance|Any CPU.Build.0 = Debug|Any CPU
		{6BC07B7D-3138-4A1A-ACD4-63CC3C79589F}.Release|Any CPU.ActiveCfg = Release|Any CPU
		{6BC07B7D-3138-4A1A-ACD4-63CC3C79589F}.Release|Any CPU.Build.0 = Release|Any CPU
		{E51F3E9A-ED37-4E51-93BA-24EC097F8B37}.Debug|Any CPU.ActiveCfg = Debug|Any CPU
		{E51F3E9A-ED37-4E51-93BA-24EC097F8B37}.Debug|Any CPU.Build.0 = Debug|Any CPU
		{E51F3E9A-ED37-4E51-93BA-24EC097F8B37}.Maintenance|Any CPU.ActiveCfg = Debug|Any CPU
		{E51F3E9A-ED37-4E51-93BA-24EC097F8B37}.Maintenance|Any CPU.Build.0 = Debug|Any CPU
		{E51F3E9A-ED37-4E51-93BA-24EC097F8B37}.Release|Any CPU.ActiveCfg = Release|Any CPU
		{E51F3E9A-ED37-4E51-93BA-24EC097F8B37}.Release|Any CPU.Build.0 = Release|Any CPU
		{FDE35ACD-FBBF-490D-B54E-1DDC0667967C}.Debug|Any CPU.ActiveCfg = Debug|Any CPU
		{FDE35ACD-FBBF-490D-B54E-1DDC0667967C}.Debug|Any CPU.Build.0 = Debug|Any CPU
		{FDE35ACD-FBBF-490D-B54E-1DDC0667967C}.Maintenance|Any CPU.ActiveCfg = Debug|Any CPU
		{FDE35ACD-FBBF-490D-B54E-1DDC0667967C}.Maintenance|Any CPU.Build.0 = Debug|Any CPU
		{FDE35ACD-FBBF-490D-B54E-1DDC0667967C}.Release|Any CPU.ActiveCfg = Release|Any CPU
		{FDE35ACD-FBBF-490D-B54E-1DDC0667967C}.Release|Any CPU.Build.0 = Release|Any CPU
		{80BFDE17-2778-45D3-8F7F-ADC0031B52F2}.Debug|Any CPU.ActiveCfg = Debug|Any CPU
		{80BFDE17-2778-45D3-8F7F-ADC0031B52F2}.Debug|Any CPU.Build.0 = Debug|Any CPU
		{80BFDE17-2778-45D3-8F7F-ADC0031B52F2}.Maintenance|Any CPU.ActiveCfg = Debug|Any CPU
		{80BFDE17-2778-45D3-8F7F-ADC0031B52F2}.Maintenance|Any CPU.Build.0 = Debug|Any CPU
		{80BFDE17-2778-45D3-8F7F-ADC0031B52F2}.Release|Any CPU.ActiveCfg = Release|Any CPU
		{80BFDE17-2778-45D3-8F7F-ADC0031B52F2}.Release|Any CPU.Build.0 = Release|Any CPU
		{3969E378-5B32-4507-B683-A44501E0F6D3}.Debug|Any CPU.ActiveCfg = Debug|Any CPU
		{3969E378-5B32-4507-B683-A44501E0F6D3}.Debug|Any CPU.Build.0 = Debug|Any CPU
		{3969E378-5B32-4507-B683-A44501E0F6D3}.Maintenance|Any CPU.ActiveCfg = Debug|Any CPU
		{3969E378-5B32-4507-B683-A44501E0F6D3}.Maintenance|Any CPU.Build.0 = Debug|Any CPU
		{3969E378-5B32-4507-B683-A44501E0F6D3}.Release|Any CPU.ActiveCfg = Release|Any CPU
		{3969E378-5B32-4507-B683-A44501E0F6D3}.Release|Any CPU.Build.0 = Release|Any CPU
		{6DEA5705-825F-4174-AD64-1D95B7B19CE0}.Debug|Any CPU.ActiveCfg = Debug|Any CPU
		{6DEA5705-825F-4174-AD64-1D95B7B19CE0}.Debug|Any CPU.Build.0 = Debug|Any CPU
		{6DEA5705-825F-4174-AD64-1D95B7B19CE0}.Maintenance|Any CPU.ActiveCfg = Debug|Any CPU
		{6DEA5705-825F-4174-AD64-1D95B7B19CE0}.Maintenance|Any CPU.Build.0 = Debug|Any CPU
		{6DEA5705-825F-4174-AD64-1D95B7B19CE0}.Release|Any CPU.ActiveCfg = Release|Any CPU
		{6DEA5705-825F-4174-AD64-1D95B7B19CE0}.Release|Any CPU.Build.0 = Release|Any CPU
		{AA1213D8-160F-4FB9-BE8F-F9057F6ECBF2}.Debug|Any CPU.ActiveCfg = Debug|Any CPU
		{AA1213D8-160F-4FB9-BE8F-F9057F6ECBF2}.Debug|Any CPU.Build.0 = Debug|Any CPU
		{AA1213D8-160F-4FB9-BE8F-F9057F6ECBF2}.Maintenance|Any CPU.ActiveCfg = Debug|Any CPU
		{AA1213D8-160F-4FB9-BE8F-F9057F6ECBF2}.Maintenance|Any CPU.Build.0 = Debug|Any CPU
		{AA1213D8-160F-4FB9-BE8F-F9057F6ECBF2}.Release|Any CPU.ActiveCfg = Release|Any CPU
		{AA1213D8-160F-4FB9-BE8F-F9057F6ECBF2}.Release|Any CPU.Build.0 = Release|Any CPU
		{D626B55B-9C46-4661-AA19-25BEE383E586}.Debug|Any CPU.ActiveCfg = Debug|Any CPU
		{D626B55B-9C46-4661-AA19-25BEE383E586}.Debug|Any CPU.Build.0 = Debug|Any CPU
		{D626B55B-9C46-4661-AA19-25BEE383E586}.Maintenance|Any CPU.ActiveCfg = Debug|Any CPU
		{D626B55B-9C46-4661-AA19-25BEE383E586}.Maintenance|Any CPU.Build.0 = Debug|Any CPU
		{D626B55B-9C46-4661-AA19-25BEE383E586}.Release|Any CPU.ActiveCfg = Release|Any CPU
		{D626B55B-9C46-4661-AA19-25BEE383E586}.Release|Any CPU.Build.0 = Release|Any CPU
		{2F88E0AB-0EB3-4475-A5A4-82D1E5C46A42}.Debug|Any CPU.ActiveCfg = Debug|Any CPU
		{2F88E0AB-0EB3-4475-A5A4-82D1E5C46A42}.Debug|Any CPU.Build.0 = Debug|Any CPU
		{2F88E0AB-0EB3-4475-A5A4-82D1E5C46A42}.Maintenance|Any CPU.ActiveCfg = Debug|Any CPU
		{2F88E0AB-0EB3-4475-A5A4-82D1E5C46A42}.Maintenance|Any CPU.Build.0 = Debug|Any CPU
		{2F88E0AB-0EB3-4475-A5A4-82D1E5C46A42}.Release|Any CPU.ActiveCfg = Release|Any CPU
		{2F88E0AB-0EB3-4475-A5A4-82D1E5C46A42}.Release|Any CPU.Build.0 = Release|Any CPU
        {34934C40-BB79-4FE7-A43D-B171C78D149B}.Debug|Any CPU.ActiveCfg = Debug|Any CPU
		{04BCB5D5-525D-4495-BBB7-53E0CBE1F982}.Maintenance|Any CPU.ActiveCfg = Debug|Any CPU
		{04BCB5D5-525D-4495-BBB7-53E0CBE1F982}.Maintenance|Any CPU.Build.0 = Debug|Any CPU
		{04BCB5D5-525D-4495-BBB7-53E0CBE1F982}.Release|Any CPU.ActiveCfg = Release|Any CPU
		{04BCB5D5-525D-4495-BBB7-53E0CBE1F982}.Release|Any CPU.Build.0 = Release|Any CPU
		{34934C40-BB79-4FE7-A43D-B171C78D149B}.Debug|Any CPU.ActiveCfg = Debug|Any CPU
		{34934C40-BB79-4FE7-A43D-B171C78D149B}.Debug|Any CPU.Build.0 = Debug|Any CPU
		{34934C40-BB79-4FE7-A43D-B171C78D149B}.Maintenance|Any CPU.ActiveCfg = Debug|Any CPU
		{34934C40-BB79-4FE7-A43D-B171C78D149B}.Maintenance|Any CPU.Build.0 = Debug|Any CPU
		{34934C40-BB79-4FE7-A43D-B171C78D149B}.Release|Any CPU.ActiveCfg = Release|Any CPU
		{34934C40-BB79-4FE7-A43D-B171C78D149B}.Release|Any CPU.Build.0 = Release|Any CPU
		{C5991813-2A9F-470B-B550-F15140355952}.Debug|Any CPU.ActiveCfg = Debug|Any CPU
		{C5991813-2A9F-470B-B550-F15140355952}.Debug|Any CPU.Build.0 = Debug|Any CPU
		{C5991813-2A9F-470B-B550-F15140355952}.Maintenance|Any CPU.ActiveCfg = Debug|Any CPU
		{C5991813-2A9F-470B-B550-F15140355952}.Maintenance|Any CPU.Build.0 = Debug|Any CPU
		{C5991813-2A9F-470B-B550-F15140355952}.Release|Any CPU.ActiveCfg = Release|Any CPU
		{C5991813-2A9F-470B-B550-F15140355952}.Release|Any CPU.Build.0 = Release|Any CPU
		{A02F0DB1-9A4E-4F78-A32D-70508D28CD9E}.Debug|Any CPU.ActiveCfg = Debug|Any CPU
		{A02F0DB1-9A4E-4F78-A32D-70508D28CD9E}.Debug|Any CPU.Build.0 = Debug|Any CPU
		{A02F0DB1-9A4E-4F78-A32D-70508D28CD9E}.Maintenance|Any CPU.ActiveCfg = Debug|Any CPU
		{A02F0DB1-9A4E-4F78-A32D-70508D28CD9E}.Maintenance|Any CPU.Build.0 = Debug|Any CPU
		{A02F0DB1-9A4E-4F78-A32D-70508D28CD9E}.Release|Any CPU.ActiveCfg = Release|Any CPU
		{A02F0DB1-9A4E-4F78-A32D-70508D28CD9E}.Release|Any CPU.Build.0 = Release|Any CPU
		{30742F7F-2205-4D16-B79B-43D48493A4DA}.Debug|Any CPU.ActiveCfg = Debug|Any CPU
		{30742F7F-2205-4D16-B79B-43D48493A4DA}.Debug|Any CPU.Build.0 = Debug|Any CPU
		{30742F7F-2205-4D16-B79B-43D48493A4DA}.Release|Any CPU.ActiveCfg = Release|Any CPU
		{30742F7F-2205-4D16-B79B-43D48493A4DA}.Release|Any CPU.Build.0 = Release|Any CPU
	EndGlobalSection
	GlobalSection(SolutionProperties) = preSolution
		HideSolutionNode = FALSE
	EndGlobalSection
	GlobalSection(NestedProjects) = preSolution
		{6BC07B7D-3138-4A1A-ACD4-63CC3C79589F} = {7F2D8975-C5A5-47DE-84C8-DB3A7F634764}
		{E51F3E9A-ED37-4E51-93BA-24EC097F8B37} = {7F2D8975-C5A5-47DE-84C8-DB3A7F634764}
		{FDE35ACD-FBBF-490D-B54E-1DDC0667967C} = {7E178BB9-3D2D-4DC0-907D-EBD87C20E963}
		{80BFDE17-2778-45D3-8F7F-ADC0031B52F2} = {41619DAB-AD7B-4010-A09E-E26C7DC19279}
		{3969E378-5B32-4507-B683-A44501E0F6D3} = {4AC7E5ED-DD29-4C29-9493-95CD20CCC4C1}
		{6DEA5705-825F-4174-AD64-1D95B7B19CE0} = {4AC7E5ED-DD29-4C29-9493-95CD20CCC4C1}
		{AA1213D8-160F-4FB9-BE8F-F9057F6ECBF2} = {41619DAB-AD7B-4010-A09E-E26C7DC19279}
		{D626B55B-9C46-4661-AA19-25BEE383E586} = {7E178BB9-3D2D-4DC0-907D-EBD87C20E963}
		{2F88E0AB-0EB3-4475-A5A4-82D1E5C46A42} = {4AC7E5ED-DD29-4C29-9493-95CD20CCC4C1}
		{04BCB5D5-525D-4495-BBB7-53E0CBE1F982} = {3EC7ED06-3F77-44BF-A4FC-D11760B0D950}
		{34934C40-BB79-4FE7-A43D-B171C78D149B} = {4AC7E5ED-DD29-4C29-9493-95CD20CCC4C1}
		{C5991813-2A9F-470B-B550-F15140355952} = {4AC7E5ED-DD29-4C29-9493-95CD20CCC4C1}
		{A02F0DB1-9A4E-4F78-A32D-70508D28CD9E} = {4AC7E5ED-DD29-4C29-9493-95CD20CCC4C1}
		{30742F7F-2205-4D16-B79B-43D48493A4DA} = {3EC7ED06-3F77-44BF-A4FC-D11760B0D950}
	EndGlobalSection
	GlobalSection(ExtensibilityGlobals) = postSolution
		SolutionGuid = {3C8D7E88-4284-4074-85EF-6F7EA1429EE4}
	EndGlobalSection
EndGlobal
