
Microsoft Visual Studio Solution File, Format Version 12.00
# Visual Studio Version 17
VisualStudioVersion = 17.1.32421.90
MinimumVisualStudioVersion = 10.0.40219.1
Project("{9A19103F-16F7-4668-BE54-9A1E7A4F7556}") = "Smitenight.Server", "Smitenight\Smitenight.Server\Smitenight.Server.csproj", "{1E26B93F-90E9-4A74-9AB4-5E5C2CBE0E1A}"
EndProject
Project("{9A19103F-16F7-4668-BE54-9A1E7A4F7556}") = "Smitenight.Client", "Smitenight\Smitenight.Client\Smitenight.Client.csproj", "{6ADA5167-9AC7-41B0-88AE-A05F6571E532}"
EndProject
Project("{2150E333-8FDC-42A3-9474-1A3956D46DE8}") = "Presentation", "Presentation", "{3EC7ED06-3F77-44BF-A4FC-D11760B0D950}"
EndProject
Project("{2150E333-8FDC-42A3-9474-1A3956D46DE8}") = "Shared", "Shared", "{24F27201-F7B8-4A52-82B5-61D4C21B0257}"
EndProject
Project("{2150E333-8FDC-42A3-9474-1A3956D46DE8}") = "Application", "Application", "{7F2D8975-C5A5-47DE-84C8-DB3A7F634764}"
EndProject
Project("{9A19103F-16F7-4668-BE54-9A1E7A4F7556}") = "Smitenight.Application", "Smitenight\Smitenight.Application\Smitenight.Application.csproj", "{6BC07B7D-3138-4A1A-ACD4-63CC3C79589F}"
EndProject
Project("{2150E333-8FDC-42A3-9474-1A3956D46DE8}") = "Infrastructure", "Infrastructure", "{6F508BDC-34B8-410D-B4BC-857DBF833318}"
EndProject
Project("{9A19103F-16F7-4668-BE54-9A1E7A4F7556}") = "Smitenight.Infrastructure.KeyVault", "Smitenight\Smitenight.Infrastructure.Keyvault\Smitenight.Infrastructure.KeyVault.csproj", "{2BE78CCB-4A34-4ACD-9601-FD895BB1CA8E}"
EndProject
Project("{2150E333-8FDC-42A3-9474-1A3956D46DE8}") = "Domain", "Domain", "{55811F55-D66F-4378-B8CB-DC63526019C0}"
EndProject
Project("{9A19103F-16F7-4668-BE54-9A1E7A4F7556}") = "Smitenight.Domain", "Smitenight\Smitenight.Domain\Smitenight.Domain.csproj", "{4DFCE1C2-8C92-4F1C-80D0-8FAA54F51F62}"
EndProject
Project("{2150E333-8FDC-42A3-9474-1A3956D46DE8}") = "Abstractions", "Abstractions", "{DADF39D7-C33D-4F13-A1E3-31EA64BAE343}"
EndProject
Project("{9A19103F-16F7-4668-BE54-9A1E7A4F7556}") = "Smitenight.Abstractions.Infrastructure", "Smitenight\Smitenight.Abstractions.Infrastructure\Smitenight.Abstractions.Infrastructure.csproj", "{C9D39FCD-30E4-443C-94B4-F3183302821F}"
EndProject
Project("{9A19103F-16F7-4668-BE54-9A1E7A4F7556}") = "Smitenight.Abstractions.Application", "Smitenight\Smitenight.Abstractions.Application\Smitenight.Abstractions.Application.csproj", "{E51F3E9A-ED37-4E51-93BA-24EC097F8B37}"
EndProject
Project("{9A19103F-16F7-4668-BE54-9A1E7A4F7556}") = "Smitenight.CompositionRoot", "Smitenight\Smitenight.CompositionRoot\Smitenight.CompositionRoot.csproj", "{4E33A2EE-D5AF-4511-BE18-F977798D0D19}"
EndProject
Project("{9A19103F-16F7-4668-BE54-9A1E7A4F7556}") = "Smitenight.Infrastructure.SmiteClient", "Smitenight\Smitenight.Infrastructure.SmiteClient\Smitenight.Infrastructure.SmiteClient.csproj", "{CCBF1D99-D526-441C-9ADD-1B07C640FD92}"
EndProject
Project("{9A19103F-16F7-4668-BE54-9A1E7A4F7556}") = "Smitenight.Persistence", "Smitenight\Smitenight.Persistence\Smitenight.Persistence.csproj", "{FDE35ACD-FBBF-490D-B54E-1DDC0667967C}"
EndProject
Project("{2150E333-8FDC-42A3-9474-1A3956D46DE8}") = "Persistence", "Persistence", "{7E178BB9-3D2D-4DC0-907D-EBD87C20E963}"
EndProject
Global
	GlobalSection(SolutionConfigurationPlatforms) = preSolution
		Debug|Any CPU = Debug|Any CPU
		Release|Any CPU = Release|Any CPU
	EndGlobalSection
	GlobalSection(ProjectConfigurationPlatforms) = postSolution
		{1E26B93F-90E9-4A74-9AB4-5E5C2CBE0E1A}.Debug|Any CPU.ActiveCfg = Debug|Any CPU
		{1E26B93F-90E9-4A74-9AB4-5E5C2CBE0E1A}.Debug|Any CPU.Build.0 = Debug|Any CPU
		{1E26B93F-90E9-4A74-9AB4-5E5C2CBE0E1A}.Release|Any CPU.ActiveCfg = Release|Any CPU
		{1E26B93F-90E9-4A74-9AB4-5E5C2CBE0E1A}.Release|Any CPU.Build.0 = Release|Any CPU
		{6ADA5167-9AC7-41B0-88AE-A05F6571E532}.Debug|Any CPU.ActiveCfg = Debug|Any CPU
		{6ADA5167-9AC7-41B0-88AE-A05F6571E532}.Debug|Any CPU.Build.0 = Debug|Any CPU
		{6ADA5167-9AC7-41B0-88AE-A05F6571E532}.Release|Any CPU.ActiveCfg = Release|Any CPU
		{6ADA5167-9AC7-41B0-88AE-A05F6571E532}.Release|Any CPU.Build.0 = Release|Any CPU
		{6BC07B7D-3138-4A1A-ACD4-63CC3C79589F}.Debug|Any CPU.ActiveCfg = Debug|Any CPU
		{6BC07B7D-3138-4A1A-ACD4-63CC3C79589F}.Debug|Any CPU.Build.0 = Debug|Any CPU
		{6BC07B7D-3138-4A1A-ACD4-63CC3C79589F}.Release|Any CPU.ActiveCfg = Release|Any CPU
		{6BC07B7D-3138-4A1A-ACD4-63CC3C79589F}.Release|Any CPU.Build.0 = Release|Any CPU
		{2BE78CCB-4A34-4ACD-9601-FD895BB1CA8E}.Debug|Any CPU.ActiveCfg = Debug|Any CPU
		{2BE78CCB-4A34-4ACD-9601-FD895BB1CA8E}.Debug|Any CPU.Build.0 = Debug|Any CPU
		{2BE78CCB-4A34-4ACD-9601-FD895BB1CA8E}.Release|Any CPU.ActiveCfg = Release|Any CPU
		{2BE78CCB-4A34-4ACD-9601-FD895BB1CA8E}.Release|Any CPU.Build.0 = Release|Any CPU
		{4DFCE1C2-8C92-4F1C-80D0-8FAA54F51F62}.Debug|Any CPU.ActiveCfg = Debug|Any CPU
		{4DFCE1C2-8C92-4F1C-80D0-8FAA54F51F62}.Debug|Any CPU.Build.0 = Debug|Any CPU
		{4DFCE1C2-8C92-4F1C-80D0-8FAA54F51F62}.Release|Any CPU.ActiveCfg = Release|Any CPU
		{4DFCE1C2-8C92-4F1C-80D0-8FAA54F51F62}.Release|Any CPU.Build.0 = Release|Any CPU
		{C9D39FCD-30E4-443C-94B4-F3183302821F}.Debug|Any CPU.ActiveCfg = Debug|Any CPU
		{C9D39FCD-30E4-443C-94B4-F3183302821F}.Debug|Any CPU.Build.0 = Debug|Any CPU
		{C9D39FCD-30E4-443C-94B4-F3183302821F}.Release|Any CPU.ActiveCfg = Release|Any CPU
		{C9D39FCD-30E4-443C-94B4-F3183302821F}.Release|Any CPU.Build.0 = Release|Any CPU
		{E51F3E9A-ED37-4E51-93BA-24EC097F8B37}.Debug|Any CPU.ActiveCfg = Debug|Any CPU
		{E51F3E9A-ED37-4E51-93BA-24EC097F8B37}.Debug|Any CPU.Build.0 = Debug|Any CPU
		{E51F3E9A-ED37-4E51-93BA-24EC097F8B37}.Release|Any CPU.ActiveCfg = Release|Any CPU
		{E51F3E9A-ED37-4E51-93BA-24EC097F8B37}.Release|Any CPU.Build.0 = Release|Any CPU
		{4E33A2EE-D5AF-4511-BE18-F977798D0D19}.Debug|Any CPU.ActiveCfg = Debug|Any CPU
		{4E33A2EE-D5AF-4511-BE18-F977798D0D19}.Debug|Any CPU.Build.0 = Debug|Any CPU
		{4E33A2EE-D5AF-4511-BE18-F977798D0D19}.Release|Any CPU.ActiveCfg = Release|Any CPU
		{4E33A2EE-D5AF-4511-BE18-F977798D0D19}.Release|Any CPU.Build.0 = Release|Any CPU
		{CCBF1D99-D526-441C-9ADD-1B07C640FD92}.Debug|Any CPU.ActiveCfg = Debug|Any CPU
		{CCBF1D99-D526-441C-9ADD-1B07C640FD92}.Debug|Any CPU.Build.0 = Debug|Any CPU
		{CCBF1D99-D526-441C-9ADD-1B07C640FD92}.Release|Any CPU.ActiveCfg = Release|Any CPU
		{CCBF1D99-D526-441C-9ADD-1B07C640FD92}.Release|Any CPU.Build.0 = Release|Any CPU
		{FDE35ACD-FBBF-490D-B54E-1DDC0667967C}.Debug|Any CPU.ActiveCfg = Debug|Any CPU
		{FDE35ACD-FBBF-490D-B54E-1DDC0667967C}.Debug|Any CPU.Build.0 = Debug|Any CPU
		{FDE35ACD-FBBF-490D-B54E-1DDC0667967C}.Release|Any CPU.ActiveCfg = Release|Any CPU
		{FDE35ACD-FBBF-490D-B54E-1DDC0667967C}.Release|Any CPU.Build.0 = Release|Any CPU
	EndGlobalSection
	GlobalSection(SolutionProperties) = preSolution
		HideSolutionNode = FALSE
	EndGlobalSection
	GlobalSection(NestedProjects) = preSolution
		{1E26B93F-90E9-4A74-9AB4-5E5C2CBE0E1A} = {3EC7ED06-3F77-44BF-A4FC-D11760B0D950}
		{6ADA5167-9AC7-41B0-88AE-A05F6571E532} = {3EC7ED06-3F77-44BF-A4FC-D11760B0D950}
		{6BC07B7D-3138-4A1A-ACD4-63CC3C79589F} = {7F2D8975-C5A5-47DE-84C8-DB3A7F634764}
		{2BE78CCB-4A34-4ACD-9601-FD895BB1CA8E} = {6F508BDC-34B8-410D-B4BC-857DBF833318}
		{4DFCE1C2-8C92-4F1C-80D0-8FAA54F51F62} = {55811F55-D66F-4378-B8CB-DC63526019C0}
		{DADF39D7-C33D-4F13-A1E3-31EA64BAE343} = {7F2D8975-C5A5-47DE-84C8-DB3A7F634764}
		{C9D39FCD-30E4-443C-94B4-F3183302821F} = {DADF39D7-C33D-4F13-A1E3-31EA64BAE343}
		{E51F3E9A-ED37-4E51-93BA-24EC097F8B37} = {DADF39D7-C33D-4F13-A1E3-31EA64BAE343}
		{4E33A2EE-D5AF-4511-BE18-F977798D0D19} = {24F27201-F7B8-4A52-82B5-61D4C21B0257}
		{CCBF1D99-D526-441C-9ADD-1B07C640FD92} = {6F508BDC-34B8-410D-B4BC-857DBF833318}
		{FDE35ACD-FBBF-490D-B54E-1DDC0667967C} = {7E178BB9-3D2D-4DC0-907D-EBD87C20E963}
	EndGlobalSection
	GlobalSection(ExtensibilityGlobals) = postSolution
		SolutionGuid = {3C8D7E88-4284-4074-85EF-6F7EA1429EE4}
	EndGlobalSection
EndGlobal
