
Microsoft Visual Studio Solution File, Format Version 12.00
# Visual Studio Version 17
VisualStudioVersion = 17.1.32421.90
MinimumVisualStudioVersion = 10.0.40219.1
Project("{9A19103F-16F7-4668-BE54-9A1E7A4F7556}") = "Smitenight.Server", "Smitenight\Smitenight.Server\Smitenight.Server.csproj", "{1E26B93F-90E9-4A74-9AB4-5E5C2CBE0E1A}"
EndProject
Project("{9A19103F-16F7-4668-BE54-9A1E7A4F7556}") = "Smitenight.Client", "Smitenight\Smitenight.Client\Smitenight.Client.csproj", "{6ADA5167-9AC7-41B0-88AE-A05F6571E532}"
EndProject
Project("{9A19103F-16F7-4668-BE54-9A1E7A4F7556}") = "Smitenight.Shared", "Smitenight\Smitenight.Shared\Smitenight.Shared.csproj", "{AA39DC59-E1AA-4319-BEAC-56AD94C652E4}"
EndProject
Project("{2150E333-8FDC-42A3-9474-1A3956D46DE8}") = "Presentation", "Presentation", "{3EC7ED06-3F77-44BF-A4FC-D11760B0D950}"
EndProject
Project("{2150E333-8FDC-42A3-9474-1A3956D46DE8}") = "Shared", "Shared", "{24F27201-F7B8-4A52-82B5-61D4C21B0257}"
EndProject
Global
	GlobalSection(SolutionConfigurationPlatforms) = preSolution
		Debug|Any CPU = Debug|Any CPU
		Release|Any CPU = Release|Any CPU
	EndGlobalSection
	GlobalSection(ProjectConfigurationPlatforms) = postSolution
		{1E26B93F-90E9-4A74-9AB4-5E5C2CBE0E1A}.Debug|Any CPU.ActiveCfg = Debug|Any CPU
		{1E26B93F-90E9-4A74-9AB4-5E5C2CBE0E1A}.Debug|Any CPU.Build.0 = Debug|Any CPU
		{1E26B93F-90E9-4A74-9AB4-5E5C2CBE0E1A}.Release|Any CPU.ActiveCfg = Release|Any CPU
		{1E26B93F-90E9-4A74-9AB4-5E5C2CBE0E1A}.Release|Any CPU.Build.0 = Release|Any CPU
		{6ADA5167-9AC7-41B0-88AE-A05F6571E532}.Debug|Any CPU.ActiveCfg = Debug|Any CPU
		{6ADA5167-9AC7-41B0-88AE-A05F6571E532}.Debug|Any CPU.Build.0 = Debug|Any CPU
		{6ADA5167-9AC7-41B0-88AE-A05F6571E532}.Release|Any CPU.ActiveCfg = Release|Any CPU
		{6ADA5167-9AC7-41B0-88AE-A05F6571E532}.Release|Any CPU.Build.0 = Release|Any CPU
		{AA39DC59-E1AA-4319-BEAC-56AD94C652E4}.Debug|Any CPU.ActiveCfg = Debug|Any CPU
		{AA39DC59-E1AA-4319-BEAC-56AD94C652E4}.Debug|Any CPU.Build.0 = Debug|Any CPU
		{AA39DC59-E1AA-4319-BEAC-56AD94C652E4}.Release|Any CPU.ActiveCfg = Release|Any CPU
		{AA39DC59-E1AA-4319-BEAC-56AD94C652E4}.Release|Any CPU.Build.0 = Release|Any CPU
	EndGlobalSection
	GlobalSection(SolutionProperties) = preSolution
		HideSolutionNode = FALSE
	EndGlobalSection
	GlobalSection(NestedProjects) = preSolution
		{1E26B93F-90E9-4A74-9AB4-5E5C2CBE0E1A} = {3EC7ED06-3F77-44BF-A4FC-D11760B0D950}
		{6ADA5167-9AC7-41B0-88AE-A05F6571E532} = {3EC7ED06-3F77-44BF-A4FC-D11760B0D950}
		{AA39DC59-E1AA-4319-BEAC-56AD94C652E4} = {24F27201-F7B8-4A52-82B5-61D4C21B0257}
	EndGlobalSection
	GlobalSection(ExtensibilityGlobals) = postSolution
		SolutionGuid = {3C8D7E88-4284-4074-85EF-6F7EA1429EE4}
	EndGlobalSection
EndGlobal
